# THIS IS AN AUTOGENERATED FILE. DO NOT EDIT THIS FILE DIRECTLY.
# yarn lockfile v1


"@netlify/blobs@^8.1.0":
  version "8.2.0"
  resolved "https://registry.yarnpkg.com/@netlify/blobs/-/blobs-8.2.0.tgz#4cd6c82cbe7edff8476f67b4d390b08a97f8b210"
  integrity sha512-9djLZHBKsoKk8XCgwWSEPK9QnT8qqxEQGuYh48gFIcNLvpBKkLnHbDZuyUxmNemCfDz7h0HnMXgSPnnUVgARhg==
